
Microsoft Visual Studio Solution File, Format Version 12.00
# Visual Studio Version 17
VisualStudioVersion = 17.0.31825.309
MinimumVisualStudioVersion = 10.0.40219.1
Project("{FAE04EC0-301F-11D3-BF4B-00C04F79EFBC}") = "CQRS_Template", "CQRS_Template\CQRS_Template.csproj", "{EB00FD4F-07D6-4254-BC77-9545954A0AD2}"
EndProject
Global
	GlobalSection(SolutionConfigurationPlatforms) = preSolution
		Debug|Any CPU = Debug|Any CPU
		Release|Any CPU = Release|Any CPU
	EndGlobalSection
	GlobalSection(ProjectConfigurationPlatforms) = postSolution
		{EB00FD4F-07D6-4254-BC77-9545954A0AD2}.Debug|Any CPU.ActiveCfg = Debug|Any CPU
		{EB00FD4F-07D6-4254-BC77-9545954A0AD2}.Debug|Any CPU.Build.0 = Debug|Any CPU
		{EB00FD4F-07D6-4254-BC77-9545954A0AD2}.Release|Any CPU.ActiveCfg = Release|Any CPU
		{EB00FD4F-07D6-4254-BC77-9545954A0AD2}.Release|Any CPU.Build.0 = Release|Any CPU
	EndGlobalSection
	GlobalSection(SolutionProperties) = preSolution
		HideSolutionNode = FALSE
	EndGlobalSection
	GlobalSection(ExtensibilityGlobals) = postSolution
		SolutionGuid = {3587AFEA-90CF-4047-A9C2-2BA50198FAB6}
	EndGlobalSection
EndGlobal
